{
  "lockfileVersion": 1,
  "workspaces": {
    "": {
      "name": "effective-bassoon",
      "dependencies": {
        "audio-decode": "^2.2.2",
        "fft.js": "^4.0.4",
        "node-web-audio-api": "^1.0.1",
      },
      "devDependencies": {
        "@types/bun": "latest",
      },
      "peerDependencies": {
        "typescript": "^5.0.0",
      },
    },
  },
  "packages": {
    "@eshaz/web-worker": ["@eshaz/web-worker@1.2.2", "", {}, "sha512-WxXiHFmD9u/owrzempiDlBB1ZYqiLnm9s6aPc8AlFQalq2tKmqdmMr9GXOupDgzXtqnBipj8Un0gkIm7Sjf8mw=="],

    "@thi.ng/bitstream": ["@thi.ng/bitstream@2.4.11", "", { "dependencies": { "@thi.ng/errors": "^2.5.25" } }, "sha512-7tXBVXQiJqVSVZLljnonXZOT9Zn6r7bc9X1GntDnNU/U8kW5DjAQmz0GvJxaIxRpZ+KqU1BvQVCfv3rH6f+TtA=="],

    "@thi.ng/errors": ["@thi.ng/errors@2.5.25", "", {}, "sha512-PmK56hWGvRWr9Eq0V5xkV4tQvhjPtfvv6urFONP/D0gwFQXj+v6rcDYkAFLzOkbLqa0DYtkgvUsMklF/L53upA=="],

    "@types/bun": ["@types/bun@1.2.2", "", { "dependencies": { "bun-types": "1.2.2" } }, "sha512-tr74gdku+AEDN5ergNiBnplr7hpDp3V1h7fqI2GcR/rsUaM39jpSeKH0TFibRvU0KwniRx5POgaYnaXbk0hU+w=="],

    "@types/node": ["@types/node@22.13.0", "", { "dependencies": { "undici-types": "~6.20.0" } }, "sha512-ClIbNe36lawluuvq3+YYhnIN2CELi+6q8NpnM7PYp4hBn/TatfboPgVSm2rwKRfnV2M+Ty9GWDFI64KEe+kysA=="],

    "@types/ws": ["@types/ws@8.5.14", "", { "dependencies": { "@types/node": "*" } }, "sha512-bd/YFLW+URhBzMXurx7lWByOu+xzU9+kb3RboOteXYDfW+tr+JZa99OyNmPINEGB/ahzKrEuc8rcv4gnpJmxTw=="],

    "@wasm-audio-decoders/common": ["@wasm-audio-decoders/common@9.0.5", "", { "dependencies": { "@eshaz/web-worker": "1.2.2", "simple-yenc": "^1.0.4" } }, "sha512-b9JNh9sPAvn8PVIizNh9D60WkfQong/u9ea873H47u7zvVDLctxYIp2aZw9CQqXaQdk7JB3MoU5UHiseO40swg=="],

    "@wasm-audio-decoders/flac": ["@wasm-audio-decoders/flac@0.2.5", "", { "dependencies": { "@wasm-audio-decoders/common": "9.0.5", "codec-parser": "2.5.0" } }, "sha512-8M//CgB3PlkWwn47KcwD0tO6DZBA7/AGG0ukHSG0G97UbNEUNINvKDWAKPVWznzHsqeBP6axw+K/38dzng64JA=="],

    "@wasm-audio-decoders/ogg-vorbis": ["@wasm-audio-decoders/ogg-vorbis@0.1.16", "", { "dependencies": { "@wasm-audio-decoders/common": "9.0.5", "codec-parser": "2.5.0" } }, "sha512-HcEx4LPZbbzjhs9bTXgMaXLVCSMSo/egY9paJxAnE9tsYbvseAaGtVddLYktl3Qi/G+nW/ZzUXg4144izJjqCw=="],

    "audio-buffer": ["audio-buffer@5.0.0", "", {}, "sha512-gsDyj1wwUp8u7NBB+eW6yhLb9ICf+0eBmDX8NGaAS00w8/fLqFdxUlL5Ge/U8kB64DlQhdonxYC59dXy1J7H/w=="],

    "audio-decode": ["audio-decode@2.2.2", "", { "dependencies": { "@wasm-audio-decoders/flac": "^0.2.4", "@wasm-audio-decoders/ogg-vorbis": "^0.1.15", "audio-buffer": "^5.0.0", "audio-type": "^2.2.1", "mpg123-decoder": "^1.0.0", "node-wav": "^0.0.2", "ogg-opus-decoder": "^1.6.12", "qoa-format": "^1.0.1" } }, "sha512-xyh7z6dpRT+5Ez4ggV2cEkSShkDvvIBBmVPR3kYY7uIBqRO1BGNjofip6JnjBnvezhrU3ypBGZjepyKFDZWnDw=="],

    "audio-type": ["audio-type@2.2.1", "", {}, "sha512-En9AY6EG1qYqEy5L/quryzbA4akBpJrnBZNxeKTqGHC2xT9Qc4aZ8b7CcbOMFTTc/MGdoNyp+SN4zInZNKxMYA=="],

    "bun-types": ["bun-types@1.2.2", "", { "dependencies": { "@types/node": "*", "@types/ws": "~8.5.10" } }, "sha512-RCbMH5elr9gjgDGDhkTTugA21XtJAy/9jkKe/G3WR2q17VPGhcquf9Sir6uay9iW+7P/BV0CAHA1XlHXMAVKHg=="],

    "caller": ["caller@1.1.0", "", {}, "sha512-n+21IZC3j06YpCWaxmUy5AnVqhmCIM2bQtqQyy00HJlmStRt6kwDX5F9Z97pqwAB+G/tgSz6q/kUBbNyQzIubw=="],

    "codec-parser": ["codec-parser@2.5.0", "", {}, "sha512-Ru9t80fV8B0ZiixQl8xhMTLru+dzuis/KQld32/x5T/+3LwZb0/YvQdSKytX9JqCnRdiupvAvyYJINKrXieziQ=="],

    "data-uri-to-buffer": ["data-uri-to-buffer@4.0.1", "", {}, "sha512-0R9ikRb668HB7QDxT1vkpuUBtqc53YyAwMwGeUFKRojY/NWKvdZ+9UYtRfGmhqNbRkTSVpMbmyhXipFFv2cb/A=="],

    "fetch-blob": ["fetch-blob@3.2.0", "", { "dependencies": { "node-domexception": "^1.0.0", "web-streams-polyfill": "^3.0.3" } }, "sha512-7yAQpD2UMJzLi1Dqv7qFYnPbaPx7ZfFK6PiIxQ4PfkGPyNyl2Ugx+a/umUonmKqjhM4DnfbMvdX6otXq83soQQ=="],

    "fft.js": ["fft.js@4.0.4", "", {}, "sha512-f9c00hphOgeQTlDyavwTtu6RiK8AIFjD6+jvXkNkpeQ7rirK3uFWVpalkoS4LAwbdX7mfZ8aoBfFVQX1Re/8aw=="],

    "formdata-polyfill": ["formdata-polyfill@4.0.10", "", { "dependencies": { "fetch-blob": "^3.1.2" } }, "sha512-buewHzMvYL29jdeQTVILecSaZKnt/RJWjoZCF5OW60Z67/GmSLBkOFM7qh1PI3zFNtJbaZL5eQu1vLfazOwj4g=="],

    "mpg123-decoder": ["mpg123-decoder@1.0.0", "", { "dependencies": { "@wasm-audio-decoders/common": "9.0.5" } }, "sha512-WV+pyuMUhRqv7s8S6p/Ii4KQHdBD1pb3yaABxcKJRsNp+HQ/Y6z2iIBIaOZu0JMHPTOoICYt0REDZ7XfLu+n/g=="],

    "node-domexception": ["node-domexception@1.0.0", "", {}, "sha512-/jKZoMpw0F8GRwl4/eLROPA3cfcXtLApP0QzLmUT/HuPCZWyB7IY9ZrMeKw2O/nFIqPQB3PVM9aYm0F312AXDQ=="],

    "node-fetch": ["node-fetch@3.3.2", "", { "dependencies": { "data-uri-to-buffer": "^4.0.0", "fetch-blob": "^3.1.4", "formdata-polyfill": "^4.0.10" } }, "sha512-dRB78srN/l6gqWulah9SrxeYnxeddIG30+GOqK/9OlLVyLg3HPnr6SqOWTWOXKRwC2eGYCkZ59NNuSgvSrpgOA=="],

    "node-wav": ["node-wav@0.0.2", "", {}, "sha512-M6Rm/bbG6De/gKGxOpeOobx/dnGuP0dz40adqx38boqHhlWssBJZgLCPBNtb9NkrmnKYiV04xELq+R6PFOnoLA=="],

    "node-web-audio-api": ["node-web-audio-api@1.0.1", "", { "dependencies": { "caller": "^1.1.0", "node-fetch": "^3.3.2", "webidl-conversions": "^7.0.0" } }, "sha512-evnkBrcZvPBjc3mMWe/U2/xxPQSYturn0HYaKS31Yqyz4ifGb89hFxrCqQYOZqMnEo2f64W9s7lFmDEhjVXAvg=="],

    "ogg-opus-decoder": ["ogg-opus-decoder@1.6.14", "", { "dependencies": { "@wasm-audio-decoders/common": "9.0.5", "codec-parser": "2.5.0", "opus-decoder": "0.7.7" } }, "sha512-RQpk9yFl/mqXFwcgf1BrEYWL92HZk++aU1fOO8mPZ1+1DUYbJdpdUQEFfbPE1xcBkRGU3p75DjEO+EDMNeikFQ=="],

    "opus-decoder": ["opus-decoder@0.7.7", "", { "dependencies": { "@wasm-audio-decoders/common": "9.0.5" } }, "sha512-KWDyCi/9aXnNN+jrjs+aaVdwiwzDdac81S9ul0iv1CTs4+5K4VDZKuJjIImrYOBA2oSNHDjVq4xzn6BE+XbI1A=="],

    "qoa-format": ["qoa-format@1.0.1", "", { "dependencies": { "@thi.ng/bitstream": "^2.2.12" } }, "sha512-dMB0Z6XQjdpz/Cw4Rf6RiBpQvUSPCfYlQMWvmuWlWkAT7nDQD29cVZ1SwDUB6DYJSitHENwbt90lqfI+7bvMcw=="],

    "simple-yenc": ["simple-yenc@1.0.4", "", {}, "sha512-5gvxpSd79e9a3V4QDYUqnqxeD4HGlhCakVpb6gMnDD7lexJggSBJRBO5h52y/iJrdXRilX9UCuDaIJhSWm5OWw=="],

    "typescript": ["typescript@5.7.3", "", { "bin": { "tsc": "bin/tsc", "tsserver": "bin/tsserver" } }, "sha512-84MVSjMEHP+FQRPy3pX9sTVV/INIex71s9TL2Gm5FG/WG1SqXeKyZ0k7/blY/4FdOzI12CBy1vGc4og/eus0fw=="],

    "undici-types": ["undici-types@6.20.0", "", {}, "sha512-Ny6QZ2Nju20vw1SRHe3d9jVu6gJ+4e3+MMpqu7pqE5HT6WsTSlce++GQmK5UXS8mzV8DSYHrQH+Xrf2jVcuKNg=="],

    "web-streams-polyfill": ["web-streams-polyfill@3.3.3", "", {}, "sha512-d2JWLCivmZYTSIoge9MsgFCZrt571BikcWGYkjC1khllbTeDlGqZ2D8vD8E/lJa8WGWbb7Plm8/XJYV7IJHZZw=="],

    "webidl-conversions": ["webidl-conversions@7.0.0", "", {}, "sha512-VwddBukDzu71offAQR975unBIGqfKZpM+8ZX6ySk8nYhVoo5CYaZyzt3YBvYtRtO+aoGlqxPg/B87NGVZ/fu6g=="],
  }
}
